// !$*UTF8*$!
{
	archiveVersion = 1;
	classes = {
	};
	objectVersion = 50;
	objects = {

/* Begin PBXBuildFile section */
		48061820230A76DC00D3C7EB /* Combinable.swift in Sources */ = {isa = PBXBuildFile; fileRef = 4806181F230A76DC00D3C7EB /* Combinable.swift */; };
		48061822230A776600D3C7EB /* CombinableExtensions.swift in Sources */ = {isa = PBXBuildFile; fileRef = 48061821230A776600D3C7EB /* CombinableExtensions.swift */; };
		481375742312079800560424 /* PropertyWrappers.swift in Sources */ = {isa = PBXBuildFile; fileRef = 481375732312079800560424 /* PropertyWrappers.swift */; };
		4856D0102309275000C5CD2D /* Color.storyboard in Resources */ = {isa = PBXBuildFile; fileRef = 48AE333123091C7100226DBB /* Color.storyboard */; };
		487AB4172312375900F0AAA8 /* TextFieldHandler.swift in Sources */ = {isa = PBXBuildFile; fileRef = 487AB4162312375900F0AAA8 /* TextFieldHandler.swift */; };
		48AE331E23091C0D00226DBB /* AppDelegate.swift in Sources */ = {isa = PBXBuildFile; fileRef = 48AE331D23091C0D00226DBB /* AppDelegate.swift */; };
		48AE332023091C0D00226DBB /* SceneDelegate.swift in Sources */ = {isa = PBXBuildFile; fileRef = 48AE331F23091C0D00226DBB /* SceneDelegate.swift */; };
		48AE332723091C0F00226DBB /* Assets.xcassets in Resources */ = {isa = PBXBuildFile; fileRef = 48AE332623091C0F00226DBB /* Assets.xcassets */; };
		48AE332A23091C0F00226DBB /* LaunchScreen.storyboard in Resources */ = {isa = PBXBuildFile; fileRef = 48AE332823091C0F00226DBB /* LaunchScreen.storyboard */; };
		48AE333423091D1900226DBB /* ColorController.swift in Sources */ = {isa = PBXBuildFile; fileRef = 48AE333323091D1900226DBB /* ColorController.swift */; };
		48AE333623091E7E00226DBB /* ColorView.swift in Sources */ = {isa = PBXBuildFile; fileRef = 48AE333523091E7E00226DBB /* ColorView.swift */; };
		48AE333C23091FA500226DBB /* Color.swift in Sources */ = {isa = PBXBuildFile; fileRef = 48AE333B23091FA500226DBB /* Color.swift */; };
		48AE333E23091FC300226DBB /* Fonts.swift in Sources */ = {isa = PBXBuildFile; fileRef = 48AE333D23091FC300226DBB /* Fonts.swift */; };
/* End PBXBuildFile section */

/* Begin PBXFileReference section */
		4806181F230A76DC00D3C7EB /* Combinable.swift */ = {isa = PBXFileReference; lastKnownFileType = sourcecode.swift; path = Combinable.swift; sourceTree = "<group>"; };
		48061821230A776600D3C7EB /* CombinableExtensions.swift */ = {isa = PBXFileReference; lastKnownFileType = sourcecode.swift; path = CombinableExtensions.swift; sourceTree = "<group>"; };
		481375732312079800560424 /* PropertyWrappers.swift */ = {isa = PBXFileReference; lastKnownFileType = sourcecode.swift; path = PropertyWrappers.swift; sourceTree = "<group>"; };
		487AB4162312375900F0AAA8 /* TextFieldHandler.swift */ = {isa = PBXFileReference; lastKnownFileType = sourcecode.swift; path = TextFieldHandler.swift; sourceTree = "<group>"; };
		48AE331A23091C0D00226DBB /* CombineColors.app */ = {isa = PBXFileReference; explicitFileType = wrapper.application; includeInIndex = 0; path = CombineColors.app; sourceTree = BUILT_PRODUCTS_DIR; };
		48AE331D23091C0D00226DBB /* AppDelegate.swift */ = {isa = PBXFileReference; lastKnownFileType = sourcecode.swift; path = AppDelegate.swift; sourceTree = "<group>"; };
		48AE331F23091C0D00226DBB /* SceneDelegate.swift */ = {isa = PBXFileReference; lastKnownFileType = sourcecode.swift; path = SceneDelegate.swift; sourceTree = "<group>"; };
		48AE332623091C0F00226DBB /* Assets.xcassets */ = {isa = PBXFileReference; lastKnownFileType = folder.assetcatalog; path = Assets.xcassets; sourceTree = "<group>"; };
		48AE332923091C0F00226DBB /* Base */ = {isa = PBXFileReference; lastKnownFileType = file.storyboard; name = Base; path = Base.lproj/LaunchScreen.storyboard; sourceTree = "<group>"; };
		48AE332B23091C0F00226DBB /* Info.plist */ = {isa = PBXFileReference; lastKnownFileType = text.plist.xml; path = Info.plist; sourceTree = "<group>"; };
		48AE333123091C7100226DBB /* Color.storyboard */ = {isa = PBXFileReference; fileEncoding = 4; lastKnownFileType = file.storyboard; path = Color.storyboard; sourceTree = "<group>"; };
		48AE333323091D1900226DBB /* ColorController.swift */ = {isa = PBXFileReference; lastKnownFileType = sourcecode.swift; path = ColorController.swift; sourceTree = "<group>"; };
		48AE333523091E7E00226DBB /* ColorView.swift */ = {isa = PBXFileReference; lastKnownFileType = sourcecode.swift; path = ColorView.swift; sourceTree = "<group>"; };
		48AE333B23091FA500226DBB /* Color.swift */ = {isa = PBXFileReference; lastKnownFileType = sourcecode.swift; path = Color.swift; sourceTree = "<group>"; };
		48AE333D23091FC300226DBB /* Fonts.swift */ = {isa = PBXFileReference; lastKnownFileType = sourcecode.swift; path = Fonts.swift; sourceTree = "<group>"; };
/* End PBXFileReference section */

/* Begin PBXFrameworksBuildPhase section */
		48AE331723091C0D00226DBB /* Frameworks */ = {
			isa = PBXFrameworksBuildPhase;
			buildActionMask = 2147483647;
			files = (
			);
			runOnlyForDeploymentPostprocessing = 0;
		};
/* End PBXFrameworksBuildPhase section */

/* Begin PBXGroup section */
		48137575231211E500560424 /* Combinable */ = {
			isa = PBXGroup;
			children = (
				4806181F230A76DC00D3C7EB /* Combinable.swift */,
				48061821230A776600D3C7EB /* CombinableExtensions.swift */,
			);
			path = Combinable;
			sourceTree = "<group>";
		};
		48546371230A54F3005AAD9D /* SupportingFiles */ = {
			isa = PBXGroup;
			children = (
				48AE333B23091FA500226DBB /* Color.swift */,
				48AE333D23091FC300226DBB /* Fonts.swift */,
				481375732312079800560424 /* PropertyWrappers.swift */,
				487AB4162312375900F0AAA8 /* TextFieldHandler.swift */,
			);
			path = SupportingFiles;
			sourceTree = "<group>";
		};
		4872E2542309224800E28617 /* ColorScene */ = {
			isa = PBXGroup;
			children = (
				48AE333523091E7E00226DBB /* ColorView.swift */,
				48AE333323091D1900226DBB /* ColorController.swift */,
				48AE333123091C7100226DBB /* Color.storyboard */,
			);
			path = ColorScene;
			sourceTree = "<group>";
		};
		4872E2552309228D00E28617 /* AppFiles */ = {
			isa = PBXGroup;
			children = (
				48AE331F23091C0D00226DBB /* SceneDelegate.swift */,
				48AE331D23091C0D00226DBB /* AppDelegate.swift */,
				48AE332B23091C0F00226DBB /* Info.plist */,
				48AE332823091C0F00226DBB /* LaunchScreen.storyboard */,
				48AE332623091C0F00226DBB /* Assets.xcassets */,
			);
			path = AppFiles;
			sourceTree = "<group>";
		};
		48AE331123091C0D00226DBB = {
			isa = PBXGroup;
			children = (
				48AE331C23091C0D00226DBB /* CombineColors */,
				48AE331B23091C0D00226DBB /* Products */,
			);
			sourceTree = "<group>";
		};
		48AE331B23091C0D00226DBB /* Products */ = {
			isa = PBXGroup;
			children = (
				48AE331A23091C0D00226DBB /* CombineColors.app */,
			);
			name = Products;
			sourceTree = "<group>";
		};
		48AE331C23091C0D00226DBB /* CombineColors */ = {
			isa = PBXGroup;
			children = (
				4872E2552309228D00E28617 /* AppFiles */,
				48546371230A54F3005AAD9D /* SupportingFiles */,
				4872E2542309224800E28617 /* ColorScene */,
				48137575231211E500560424 /* Combinable */,
			);
			path = CombineColors;
			sourceTree = "<group>";
		};
/* End PBXGroup section */

/* Begin PBXNativeTarget section */
		48AE331923091C0D00226DBB /* CombineColors */ = {
			isa = PBXNativeTarget;
			buildConfigurationList = 48AE332E23091C0F00226DBB /* Build configuration list for PBXNativeTarget "CombineColors" */;
			buildPhases = (
				48AE331623091C0D00226DBB /* Sources */,
				48AE331723091C0D00226DBB /* Frameworks */,
				48AE331823091C0D00226DBB /* Resources */,
			);
			buildRules = (
			);
			dependencies = (
			);
			name = CombineColors;
			productName = "Combine Colors";
			productReference = 48AE331A23091C0D00226DBB /* CombineColors.app */;
			productType = "com.apple.product-type.application";
		};
/* End PBXNativeTarget section */

/* Begin PBXProject section */
		48AE331223091C0D00226DBB /* Project object */ = {
			isa = PBXProject;
			attributes = {
				LastSwiftUpdateCheck = 1100;
				LastUpgradeCheck = 1100;
				ORGANIZATIONNAME = "Stephen Martinez";
				TargetAttributes = {
					48AE331923091C0D00226DBB = {
						CreatedOnToolsVersion = 11.0;
					};
				};
			};
			buildConfigurationList = 48AE331523091C0D00226DBB /* Build configuration list for PBXProject "CombineColors" */;
			compatibilityVersion = "Xcode 9.3";
			developmentRegion = en;
			hasScannedForEncodings = 0;
			knownRegions = (
				en,
				Base,
			);
			mainGroup = 48AE331123091C0D00226DBB;
			productRefGroup = 48AE331B23091C0D00226DBB /* Products */;
			projectDirPath = "";
			projectRoot = "";
			targets = (
				48AE331923091C0D00226DBB /* CombineColors */,
			);
		};
/* End PBXProject section */

/* Begin PBXResourcesBuildPhase section */
		48AE331823091C0D00226DBB /* Resources */ = {
			isa = PBXResourcesBuildPhase;
			buildActionMask = 2147483647;
			files = (
				4856D0102309275000C5CD2D /* Color.storyboard in Resources */,
				48AE332A23091C0F00226DBB /* LaunchScreen.storyboard in Resources */,
				48AE332723091C0F00226DBB /* Assets.xcassets in Resources */,
			);
			runOnlyForDeploymentPostprocessing = 0;
		};
/* End PBXResourcesBuildPhase section */

/* Begin PBXSourcesBuildPhase section */
		48AE331623091C0D00226DBB /* Sources */ = {
			isa = PBXSourcesBuildPhase;
			buildActionMask = 2147483647;
			files = (
				487AB4172312375900F0AAA8 /* TextFieldHandler.swift in Sources */,
				48AE333E23091FC300226DBB /* Fonts.swift in Sources */,
				48AE333623091E7E00226DBB /* ColorView.swift in Sources */,
				48061822230A776600D3C7EB /* CombinableExtensions.swift in Sources */,
				48AE331E23091C0D00226DBB /* AppDelegate.swift in Sources */,
				48AE332023091C0D00226DBB /* SceneDelegate.swift in Sources */,
				48AE333C23091FA500226DBB /* Color.swift in Sources */,
				481375742312079800560424 /* PropertyWrappers.swift in Sources */,
				48AE333423091D1900226DBB /* ColorController.swift in Sources */,
				48061820230A76DC00D3C7EB /* Combinable.swift in Sources */,
			);
			runOnlyForDeploymentPostprocessing = 0;
		};
/* End PBXSourcesBuildPhase section */

/* Begin PBXVariantGroup section */
		48AE332823091C0F00226DBB /* LaunchScreen.storyboard */ = {
			isa = PBXVariantGroup;
			children = (
				48AE332923091C0F00226DBB /* Base */,
			);
			name = LaunchScreen.storyboard;
			sourceTree = "<group>";
		};
/* End PBXVariantGroup section */

/* Begin XCBuildConfiguration section */
		48AE332C23091C0F00226DBB /* Debug */ = {
			isa = XCBuildConfiguration;
			buildSettings = {
				ALWAYS_SEARCH_USER_PATHS = NO;
				CLANG_ANALYZER_NONNULL = YES;
				CLANG_ANALYZER_NUMBER_OBJECT_CONVERSION = YES_AGGRESSIVE;
				CLANG_CXX_LANGUAGE_STANDARD = "gnu++14";
				CLANG_CXX_LIBRARY = "libc++";
				CLANG_ENABLE_MODULES = YES;
				CLANG_ENABLE_OBJC_ARC = YES;
				CLANG_ENABLE_OBJC_WEAK = YES;
				CLANG_WARN_BLOCK_CAPTURE_AUTORELEASING = YES;
				CLANG_WARN_BOOL_CONVERSION = YES;
				CLANG_WARN_COMMA = YES;
				CLANG_WARN_CONSTANT_CONVERSION = YES;
				CLANG_WARN_DEPRECATED_OBJC_IMPLEMENTATIONS = YES;
				CLANG_WARN_DIRECT_OBJC_ISA_USAGE = YES_ERROR;
				CLANG_WARN_DOCUMENTATION_COMMENTS = YES;
				CLANG_WARN_EMPTY_BODY = YES;
				CLANG_WARN_ENUM_CONVERSION = YES;
				CLANG_WARN_INFINITE_RECURSION = YES;
				CLANG_WARN_INT_CONVERSION = YES;
				CLANG_WARN_NON_LITERAL_NULL_CONVERSION = YES;
				CLANG_WARN_OBJC_IMPLICIT_RETAIN_SELF = YES;
				CLANG_WARN_OBJC_LITERAL_CONVERSION = YES;
				CLANG_WARN_OBJC_ROOT_CLASS = YES_ERROR;
				CLANG_WARN_RANGE_LOOP_ANALYSIS = YES;
				CLANG_WARN_STRICT_PROTOTYPES = YES;
				CLANG_WARN_SUSPICIOUS_MOVE = YES;
				CLANG_WARN_UNGUARDED_AVAILABILITY = YES_AGGRESSIVE;
				CLANG_WARN_UNREACHABLE_CODE = YES;
				CLANG_WARN__DUPLICATE_METHOD_MATCH = YES;
				COPY_PHASE_STRIP = NO;
				DEBUG_INFORMATION_FORMAT = dwarf;
				ENABLE_STRICT_OBJC_MSGSEND = YES;
				ENABLE_TESTABILITY = YES;
				GCC_C_LANGUAGE_STANDARD = gnu11;
				GCC_DYNAMIC_NO_PIC = NO;
				GCC_NO_COMMON_BLOCKS = YES;
				GCC_OPTIMIZATION_LEVEL = 0;
				GCC_PREPROCESSOR_DEFINITIONS = (
					"DEBUG=1",
					"$(inherited)",
				);
				GCC_WARN_64_TO_32_BIT_CONVERSION = YES;
				GCC_WARN_ABOUT_RETURN_TYPE = YES_ERROR;
				GCC_WARN_UNDECLARED_SELECTOR = YES;
				GCC_WARN_UNINITIALIZED_AUTOS = YES_AGGRESSIVE;
				GCC_WARN_UNUSED_FUNCTION = YES;
				GCC_WARN_UNUSED_VARIABLE = YES;
				IPHONEOS_DEPLOYMENT_TARGET = 13.0;
				MTL_ENABLE_DEBUG_INFO = INCLUDE_SOURCE;
				MTL_FAST_MATH = YES;
				ONLY_ACTIVE_ARCH = YES;
				SDKROOT = iphoneos;
				SWIFT_ACTIVE_COMPILATION_CONDITIONS = DEBUG;
				SWIFT_OPTIMIZATION_LEVEL = "-Onone";
			};
			name = Debug;
		};
		48AE332D23091C0F00226DBB /* Release */ = {
			isa = XCBuildConfiguration;
			buildSettings = {
				ALWAYS_SEARCH_USER_PATHS = NO;
				CLANG_ANALYZER_NONNULL = YES;
				CLANG_ANALYZER_NUMBER_OBJECT_CONVERSION = YES_AGGRESSIVE;
				CLANG_CXX_LANGUAGE_STANDARD = "gnu++14";
				CLANG_CXX_LIBRARY = "libc++";
				CLANG_ENABLE_MODULES = YES;
				CLANG_ENABLE_OBJC_ARC = YES;
				CLANG_ENABLE_OBJC_WEAK = YES;
				CLANG_WARN_BLOCK_CAPTURE_AUTORELEASING = YES;
				CLANG_WARN_BOOL_CONVERSION = YES;
				CLANG_WARN_COMMA = YES;
				CLANG_WARN_CONSTANT_CONVERSION = YES;
				CLANG_WARN_DEPRECATED_OBJC_IMPLEMENTATIONS = YES;
				CLANG_WARN_DIRECT_OBJC_ISA_USAGE = YES_ERROR;
				CLANG_WARN_DOCUMENTATION_COMMENTS = YES;
				CLANG_WARN_EMPTY_BODY = YES;
				CLANG_WARN_ENUM_CONVERSION = YES;
				CLANG_WARN_INFINITE_RECURSION = YES;
				CLANG_WARN_INT_CONVERSION = YES;
				CLANG_WARN_NON_LITERAL_NULL_CONVERSION = YES;
				CLANG_WARN_OBJC_IMPLICIT_RETAIN_SELF = YES;
				CLANG_WARN_OBJC_LITERAL_CONVERSION = YES;
				CLANG_WARN_OBJC_ROOT_CLASS = YES_ERROR;
				CLANG_WARN_RANGE_LOOP_ANALYSIS = YES;
				CLANG_WARN_STRICT_PROTOTYPES = YES;
				CLANG_WARN_SUSPICIOUS_MOVE = YES;
				CLANG_WARN_UNGUARDED_AVAILABILITY = YES_AGGRESSIVE;
				CLANG_WARN_UNREACHABLE_CODE = YES;
				CLANG_WARN__DUPLICATE_METHOD_MATCH = YES;
				COPY_PHASE_STRIP = NO;
				DEBUG_INFORMATION_FORMAT = "dwarf-with-dsym";
				ENABLE_NS_ASSERTIONS = NO;
				ENABLE_STRICT_OBJC_MSGSEND = YES;
				GCC_C_LANGUAGE_STANDARD = gnu11;
				GCC_NO_COMMON_BLOCKS = YES;
				GCC_WARN_64_TO_32_BIT_CONVERSION = YES;
				GCC_WARN_ABOUT_RETURN_TYPE = YES_ERROR;
				GCC_WARN_UNDECLARED_SELECTOR = YES;
				GCC_WARN_UNINITIALIZED_AUTOS = YES_AGGRESSIVE;
				GCC_WARN_UNUSED_FUNCTION = YES;
				GCC_WARN_UNUSED_VARIABLE = YES;
				IPHONEOS_DEPLOYMENT_TARGET = 13.0;
				MTL_ENABLE_DEBUG_INFO = NO;
				MTL_FAST_MATH = YES;
				SDKROOT = iphoneos;
				SWIFT_COMPILATION_MODE = wholemodule;
				SWIFT_OPTIMIZATION_LEVEL = "-O";
				VALIDATE_PRODUCT = YES;
			};
			name = Release;
		};
		48AE332F23091C0F00226DBB /* Debug */ = {
			isa = XCBuildConfiguration;
			buildSettings = {
				ASSETCATALOG_COMPILER_APPICON_NAME = AppIcon;
				CODE_SIGN_STYLE = Automatic;
				DEVELOPMENT_TEAM = P6Y8F6EN66;
				INFOPLIST_FILE = "$(SRCROOT)/CombineColors/AppFiles/Info.plist";
				LD_RUNPATH_SEARCH_PATHS = (
					"$(inherited)",
					"@executable_path/Frameworks",
				);
				PRODUCT_BUNDLE_IDENTIFIER = "enuance.Combine-Colors";
				PRODUCT_NAME = "$(TARGET_NAME)";
				SWIFT_VERSION = 5.0;
				TARGETED_DEVICE_FAMILY = "1,2";
			};
			name = Debug;
		};
		48AE333023091C0F00226DBB /* Release */ = {
			isa = XCBuildConfiguration;
			buildSettings = {
				ASSETCATALOG_COMPILER_APPICON_NAME = AppIcon;
				CODE_SIGN_STYLE = Automatic;
				DEVELOPMENT_TEAM = P6Y8F6EN66;
				INFOPLIST_FILE = "$(SRCROOT)/CombineColors/AppFiles/Info.plist";
				LD_RUNPATH_SEARCH_PATHS = (
					"$(inherited)",
					"@executable_path/Frameworks",
				);
				PRODUCT_BUNDLE_IDENTIFIER = "enuance.Combine-Colors";
				PRODUCT_NAME = "$(TARGET_NAME)";
				SWIFT_VERSION = 5.0;
				TARGETED_DEVICE_FAMILY = "1,2";
			};
			name = Release;
		};
/* End XCBuildConfiguration section */

/* Begin XCConfigurationList section */
		48AE331523091C0D00226DBB /* Build configuration list for PBXProject "CombineColors" */ = {
			isa = XCConfigurationList;
			buildConfigurations = (
				48AE332C23091C0F00226DBB /* Debug */,
				48AE332D23091C0F00226DBB /* Release */,
			);
			defaultConfigurationIsVisible = 0;
			defaultConfigurationName = Release;
		};
		48AE332E23091C0F00226DBB /* Build configuration list for PBXNativeTarget "CombineColors" */ = {
			isa = XCConfigurationList;
			buildConfigurations = (
				48AE332F23091C0F00226DBB /* Debug */,
				48AE333023091C0F00226DBB /* Release */,
			);
			defaultConfigurationIsVisible = 0;
			defaultConfigurationName = Release;
		};
/* End XCConfigurationList section */
	};
	rootObject = 48AE331223091C0D00226DBB /* Project object */;
}
